// !$*UTF8*$!
{
	archiveVersion = 1;
	classes = {
	};
	objectVersion = 46;
	objects = {

/* Begin PBXBuildFile section */
		F453EC821CE2FEF9000070FE /* AppDelegate.swift in Sources */ = {isa = PBXBuildFile; fileRef = F453EC811CE2FEF9000070FE /* AppDelegate.swift */; };
		F453EC841CE2FEF9000070FE /* ViewController.swift in Sources */ = {isa = PBXBuildFile; fileRef = F453EC831CE2FEF9000070FE /* ViewController.swift */; };
		F453EC871CE2FEF9000070FE /* Main.storyboard in Resources */ = {isa = PBXBuildFile; fileRef = F453EC851CE2FEF9000070FE /* Main.storyboard */; };
		F453EC891CE2FEF9000070FE /* Assets.xcassets in Resources */ = {isa = PBXBuildFile; fileRef = F453EC881CE2FEF9000070FE /* Assets.xcassets */; };
		F453EC8C1CE2FEF9000070FE /* LaunchScreen.storyboard in Resources */ = {isa = PBXBuildFile; fileRef = F453EC8A1CE2FEF9000070FE /* LaunchScreen.storyboard */; };
		F453EC971CE2FEF9000070FE /* SwiftDemoTests.swift in Sources */ = {isa = PBXBuildFile; fileRef = F453EC961CE2FEF9000070FE /* SwiftDemoTests.swift */; };
		F453ECA21CE2FEF9000070FE /* SwiftDemoUITests.swift in Sources */ = {isa = PBXBuildFile; fileRef = F453ECA11CE2FEF9000070FE /* SwiftDemoUITests.swift */; };
/* End PBXBuildFile section */

/* Begin PBXContainerItemProxy section */
		F453EC931CE2FEF9000070FE /* PBXContainerItemProxy */ = {
			isa = PBXContainerItemProxy;
			containerPortal = F453EC761CE2FEF9000070FE /* Project object */;
			proxyType = 1;
			remoteGlobalIDString = F453EC7D1CE2FEF9000070FE;
			remoteInfo = SwiftDemo;
		};
		F453EC9E1CE2FEF9000070FE /* PBXContainerItemProxy */ = {
			isa = PBXContainerItemProxy;
			containerPortal = F453EC761CE2FEF9000070FE /* Project object */;
			proxyType = 1;
			remoteGlobalIDString = F453EC7D1CE2FEF9000070FE;
			remoteInfo = SwiftDemo;
		};
/* End PBXContainerItemProxy section */

/* Begin PBXFileReference section */
		F453EC7E1CE2FEF9000070FE /* SwiftDemo.app */ = {isa = PBXFileReference; explicitFileType = wrapper.application; includeInIndex = 0; path = SwiftDemo.app; sourceTree = BUILT_PRODUCTS_DIR; };
		F453EC811CE2FEF9000070FE /* AppDelegate.swift */ = {isa = PBXFileReference; lastKnownFileType = sourcecode.swift; path = AppDelegate.swift; sourceTree = "<group>"; };
		F453EC831CE2FEF9000070FE /* ViewController.swift */ = {isa = PBXFileReference; lastKnownFileType = sourcecode.swift; path = ViewController.swift; sourceTree = "<group>"; };
		F453EC861CE2FEF9000070FE /* Base */ = {isa = PBXFileReference; lastKnownFileType = file.storyboard; name = Base; path = Base.lproj/Main.storyboard; sourceTree = "<group>"; };
		F453EC881CE2FEF9000070FE /* Assets.xcassets */ = {isa = PBXFileReference; lastKnownFileType = folder.assetcatalog; path = Assets.xcassets; sourceTree = "<group>"; };
		F453EC8B1CE2FEF9000070FE /* Base */ = {isa = PBXFileReference; lastKnownFileType = file.storyboard; name = Base; path = Base.lproj/LaunchScreen.storyboard; sourceTree = "<group>"; };
		F453EC8D1CE2FEF9000070FE /* Info.plist */ = {isa = PBXFileReference; lastKnownFileType = text.plist.xml; path = Info.plist; sourceTree = "<group>"; };
		F453EC921CE2FEF9000070FE /* SwiftDemoTests.xctest */ = {isa = PBXFileReference; explicitFileType = wrapper.cfbundle; includeInIndex = 0; path = SwiftDemoTests.xctest; sourceTree = BUILT_PRODUCTS_DIR; };
		F453EC961CE2FEF9000070FE /* SwiftDemoTests.swift */ = {isa = PBXFileReference; lastKnownFileType = sourcecode.swift; path = SwiftDemoTests.swift; sourceTree = "<group>"; };
		F453EC981CE2FEF9000070FE /* Info.plist */ = {isa = PBXFileReference; lastKnownFileType = text.plist.xml; path = Info.plist; sourceTree = "<group>"; };
		F453EC9D1CE2FEF9000070FE /* SwiftDemoUITests.xctest */ = {isa = PBXFileReference; explicitFileType = wrapper.cfbundle; includeInIndex = 0; path = SwiftDemoUITests.xctest; sourceTree = BUILT_PRODUCTS_DIR; };
		F453ECA11CE2FEF9000070FE /* SwiftDemoUITests.swift */ = {isa = PBXFileReference; lastKnownFileType = sourcecode.swift; path = SwiftDemoUITests.swift; sourceTree = "<group>"; };
		F453ECA31CE2FEF9000070FE /* Info.plist */ = {isa = PBXFileReference; lastKnownFileType = text.plist.xml; path = Info.plist; sourceTree = "<group>"; };
/* End PBXFileReference section */

/* Begin PBXFrameworksBuildPhase section */
		F453EC7B1CE2FEF9000070FE /* Frameworks */ = {
			isa = PBXFrameworksBuildPhase;
			buildActionMask = 2147483647;
			files = (
			);
			runOnlyForDeploymentPostprocessing = 0;
		};
		F453EC8F1CE2FEF9000070FE /* Frameworks */ = {
			isa = PBXFrameworksBuildPhase;
			buildActionMask = 2147483647;
			files = (
			);
			runOnlyForDeploymentPostprocessing = 0;
		};
		F453EC9A1CE2FEF9000070FE /* Frameworks */ = {
			isa = PBXFrameworksBuildPhase;
			buildActionMask = 2147483647;
			files = (
			);
			runOnlyForDeploymentPostprocessing = 0;
		};
/* End PBXFrameworksBuildPhase section */

/* Begin PBXGroup section */
		F453EC751CE2FEF9000070FE = {
			isa = PBXGroup;
			children = (
				F453EC801CE2FEF9000070FE /* SwiftDemo */,
				F453EC951CE2FEF9000070FE /* SwiftDemoTests */,
				F453ECA01CE2FEF9000070FE /* SwiftDemoUITests */,
				F453EC7F1CE2FEF9000070FE /* Products */,
			);
			sourceTree = "<group>";
		};
		F453EC7F1CE2FEF9000070FE /* Products */ = {
			isa = PBXGroup;
			children = (
				F453EC7E1CE2FEF9000070FE /* SwiftDemo.app */,
				F453EC921CE2FEF9000070FE /* SwiftDemoTests.xctest */,
				F453EC9D1CE2FEF9000070FE /* SwiftDemoUITests.xctest */,
			);
			name = Products;
			sourceTree = "<group>";
		};
		F453EC801CE2FEF9000070FE /* SwiftDemo */ = {
			isa = PBXGroup;
			children = (
				F453EC811CE2FEF9000070FE /* AppDelegate.swift */,
				F453EC831CE2FEF9000070FE /* ViewController.swift */,
				F453EC851CE2FEF9000070FE /* Main.storyboard */,
				F453EC881CE2FEF9000070FE /* Assets.xcassets */,
				F453EC8A1CE2FEF9000070FE /* LaunchScreen.storyboard */,
				F453EC8D1CE2FEF9000070FE /* Info.plist */,
			);
			path = SwiftDemo;
			sourceTree = "<group>";
		};
		F453EC951CE2FEF9000070FE /* SwiftDemoTests */ = {
			isa = PBXGroup;
			children = (
				F453EC961CE2FEF9000070FE /* SwiftDemoTests.swift */,
				F453EC981CE2FEF9000070FE /* Info.plist */,
			);
			path = SwiftDemoTests;
			sourceTree = "<group>";
		};
		F453ECA01CE2FEF9000070FE /* SwiftDemoUITests */ = {
			isa = PBXGroup;
			children = (
				F453ECA11CE2FEF9000070FE /* SwiftDemoUITests.swift */,
				F453ECA31CE2FEF9000070FE /* Info.plist */,
			);
			path = SwiftDemoUITests;
			sourceTree = "<group>";
		};
/* End PBXGroup section */

/* Begin PBXNativeTarget section */
		F453EC7D1CE2FEF9000070FE /* SwiftDemo */ = {
			isa = PBXNativeTarget;
			buildConfigurationList = F453ECA61CE2FEF9000070FE /* Build configuration list for PBXNativeTarget "SwiftDemo" */;
			buildPhases = (
				F453EC7A1CE2FEF9000070FE /* Sources */,
				F453EC7B1CE2FEF9000070FE /* Frameworks */,
				F453EC7C1CE2FEF9000070FE /* Resources */,
			);
			buildRules = (
			);
			dependencies = (
			);
			name = SwiftDemo;
			productName = SwiftDemo;
			productReference = F453EC7E1CE2FEF9000070FE /* SwiftDemo.app */;
			productType = "com.apple.product-type.application";
		};
		F453EC911CE2FEF9000070FE /* SwiftDemoTests */ = {
			isa = PBXNativeTarget;
			buildConfigurationList = F453ECA91CE2FEF9000070FE /* Build configuration list for PBXNativeTarget "SwiftDemoTests" */;
			buildPhases = (
				F453EC8E1CE2FEF9000070FE /* Sources */,
				F453EC8F1CE2FEF9000070FE /* Frameworks */,
				F453EC901CE2FEF9000070FE /* Resources */,
			);
			buildRules = (
			);
			dependencies = (
				F453EC941CE2FEF9000070FE /* PBXTargetDependency */,
			);
			name = SwiftDemoTests;
			productName = SwiftDemoTests;
			productReference = F453EC921CE2FEF9000070FE /* SwiftDemoTests.xctest */;
			productType = "com.apple.product-type.bundle.unit-test";
		};
		F453EC9C1CE2FEF9000070FE /* SwiftDemoUITests */ = {
			isa = PBXNativeTarget;
			buildConfigurationList = F453ECAC1CE2FEF9000070FE /* Build configuration list for PBXNativeTarget "SwiftDemoUITests" */;
			buildPhases = (
				F453EC991CE2FEF9000070FE /* Sources */,
				F453EC9A1CE2FEF9000070FE /* Frameworks */,
				F453EC9B1CE2FEF9000070FE /* Resources */,
			);
			buildRules = (
			);
			dependencies = (
				F453EC9F1CE2FEF9000070FE /* PBXTargetDependency */,
			);
			name = SwiftDemoUITests;
			productName = SwiftDemoUITests;
			productReference = F453EC9D1CE2FEF9000070FE /* SwiftDemoUITests.xctest */;
			productType = "com.apple.product-type.bundle.ui-testing";
		};
/* End PBXNativeTarget section */

/* Begin PBXProject section */
		F453EC761CE2FEF9000070FE /* Project object */ = {
			isa = PBXProject;
			attributes = {
				LastSwiftUpdateCheck = 0720;
				LastUpgradeCheck = 0720;
				ORGANIZATIONNAME = "英策网络科技";
				TargetAttributes = {
					F453EC7D1CE2FEF9000070FE = {
						CreatedOnToolsVersion = 7.2.1;
					};
					F453EC911CE2FEF9000070FE = {
						CreatedOnToolsVersion = 7.2.1;
						TestTargetID = F453EC7D1CE2FEF9000070FE;
					};
					F453EC9C1CE2FEF9000070FE = {
						CreatedOnToolsVersion = 7.2.1;
						TestTargetID = F453EC7D1CE2FEF9000070FE;
					};
				};
			};
			buildConfigurationList = F453EC791CE2FEF9000070FE /* Build configuration list for PBXProject "SwiftDemo" */;
			compatibilityVersion = "Xcode 3.2";
			developmentRegion = English;
			hasScannedForEncodings = 0;
			knownRegions = (
				en,
				Base,
			);
			mainGroup = F453EC751CE2FEF9000070FE;
			productRefGroup = F453EC7F1CE2FEF9000070FE /* Products */;
			projectDirPath = "";
			projectRoot = "";
			targets = (
				F453EC7D1CE2FEF9000070FE /* SwiftDemo */,
				F453EC911CE2FEF9000070FE /* SwiftDemoTests */,
				F453EC9C1CE2FEF9000070FE /* SwiftDemoUITests */,
			);
		};
/* End PBXProject section */

/* Begin PBXResourcesBuildPhase section */
		F453EC7C1CE2FEF9000070FE /* Resources */ = {
			isa = PBXResourcesBuildPhase;
			buildActionMask = 2147483647;
			files = (
				F453EC8C1CE2FEF9000070FE /* LaunchScreen.storyboard in Resources */,
				F453EC891CE2FEF9000070FE /* Assets.xcassets in Resources */,
				F453EC871CE2FEF9000070FE /* Main.storyboard in Resources */,
			);
			runOnlyForDeploymentPostprocessing = 0;
		};
		F453EC901CE2FEF9000070FE /* Resources */ = {
			isa = PBXResourcesBuildPhase;
			buildActionMask = 2147483647;
			files = (
			);
			runOnlyForDeploymentPostprocessing = 0;
		};
		F453EC9B1CE2FEF9000070FE /* Resources */ = {
			isa = PBXResourcesBuildPhase;
			buildActionMask = 2147483647;
			files = (
			);
			runOnlyForDeploymentPostprocessing = 0;
		};
/* End PBXResourcesBuildPhase section */

/* Begin PBXSourcesBuildPhase section */
		F453EC7A1CE2FEF9000070FE /* Sources */ = {
			isa = PBXSourcesBuildPhase;
			buildActionMask = 2147483647;
			files = (
				F453EC841CE2FEF9000070FE /* ViewController.swift in Sources */,
				F453EC821CE2FEF9000070FE /* AppDelegate.swift in Sources */,
			);
			runOnlyForDeploymentPostprocessing = 0;
		};
		F453EC8E1CE2FEF9000070FE /* Sources */ = {
			isa = PBXSourcesBuildPhase;
			buildActionMask = 2147483647;
			files = (
				F453EC971CE2FEF9000070FE /* SwiftDemoTests.swift in Sources */,
			);
			runOnlyForDeploymentPostprocessing = 0;
		};
		F453EC991CE2FEF9000070FE /* Sources */ = {
			isa = PBXSourcesBuildPhase;
			buildActionMask = 2147483647;
			files = (
				F453ECA21CE2FEF9000070FE /* SwiftDemoUITests.swift in Sources */,
			);
			runOnlyForDeploymentPostprocessing = 0;
		};
/* End PBXSourcesBuildPhase section */

/* Begin PBXTargetDependency section */
		F453EC941CE2FEF9000070FE /* PBXTargetDependency */ = {
			isa = PBXTargetDependency;
			target = F453EC7D1CE2FEF9000070FE /* SwiftDemo */;
			targetProxy = F453EC931CE2FEF9000070FE /* PBXContainerItemProxy */;
		};
		F453EC9F1CE2FEF9000070FE /* PBXTargetDependency */ = {
			isa = PBXTargetDependency;
			target = F453EC7D1CE2FEF9000070FE /* SwiftDemo */;
			targetProxy = F453EC9E1CE2FEF9000070FE /* PBXContainerItemProxy */;
		};
/* End PBXTargetDependency section */

/* Begin PBXVariantGroup section */
		F453EC851CE2FEF9000070FE /* Main.storyboard */ = {
			isa = PBXVariantGroup;
			children = (
				F453EC861CE2FEF9000070FE /* Base */,
			);
			name = Main.storyboard;
			sourceTree = "<group>";
		};
		F453EC8A1CE2FEF9000070FE /* LaunchScreen.storyboard */ = {
			isa = PBXVariantGroup;
			children = (
				F453EC8B1CE2FEF9000070FE /* Base */,
			);
			name = LaunchScreen.storyboard;
			sourceTree = "<group>";
		};
/* End PBXVariantGroup section */

/* Begin XCBuildConfiguration section */
		F453ECA41CE2FEF9000070FE /* Debug */ = {
			isa = XCBuildConfiguration;
			buildSettings = {
				ALWAYS_SEARCH_USER_PATHS = NO;
				CLANG_CXX_LANGUAGE_STANDARD = "gnu++0x";
				CLANG_CXX_LIBRARY = "libc++";
				CLANG_ENABLE_MODULES = YES;
				CLANG_ENABLE_OBJC_ARC = YES;
				CLANG_WARN_BOOL_CONVERSION = YES;
				CLANG_WARN_CONSTANT_CONVERSION = YES;
				CLANG_WARN_DIRECT_OBJC_ISA_USAGE = YES_ERROR;
				CLANG_WARN_EMPTY_BODY = YES;
				CLANG_WARN_ENUM_CONVERSION = YES;
				CLANG_WARN_INT_CONVERSION = YES;
				CLANG_WARN_OBJC_ROOT_CLASS = YES_ERROR;
				CLANG_WARN_UNREACHABLE_CODE = YES;
				CLANG_WARN__DUPLICATE_METHOD_MATCH = YES;
				"CODE_SIGN_IDENTITY[sdk=iphoneos*]" = "iPhone Developer";
				COPY_PHASE_STRIP = NO;
				DEBUG_INFORMATION_FORMAT = dwarf;
				ENABLE_STRICT_OBJC_MSGSEND = YES;
				ENABLE_TESTABILITY = YES;
				GCC_C_LANGUAGE_STANDARD = gnu99;
				GCC_DYNAMIC_NO_PIC = NO;
				GCC_NO_COMMON_BLOCKS = YES;
				GCC_OPTIMIZATION_LEVEL = 0;
				GCC_PREPROCESSOR_DEFINITIONS = (
					"DEBUG=1",
					"$(inherited)",
				);
				GCC_WARN_64_TO_32_BIT_CONVERSION = YES;
				GCC_WARN_ABOUT_RETURN_TYPE = YES_ERROR;
				GCC_WARN_UNDECLARED_SELECTOR = YES;
				GCC_WARN_UNINITIALIZED_AUTOS = YES_AGGRESSIVE;
				GCC_WARN_UNUSED_FUNCTION = YES;
				GCC_WARN_UNUSED_VARIABLE = YES;
				IPHONEOS_DEPLOYMENT_TARGET = 9.2;
				MTL_ENABLE_DEBUG_INFO = YES;
				ONLY_ACTIVE_ARCH = YES;
				SDKROOT = iphoneos;
				SWIFT_OPTIMIZATION_LEVEL = "-Onone";
				TARGETED_DEVICE_FAMILY = "1,2";
			};
			name = Debug;
		};
		F453ECA51CE2FEF9000070FE /* Release */ = {
			isa = XCBuildConfiguration;
			buildSettings = {
				ALWAYS_SEARCH_USER_PATHS = NO;
				CLANG_CXX_LANGUAGE_STANDARD = "gnu++0x";
				CLANG_CXX_LIBRARY = "libc++";
				CLANG_ENABLE_MODULES = YES;
				CLANG_ENABLE_OBJC_ARC = YES;
				CLANG_WARN_BOOL_CONVERSION = YES;
				CLANG_WARN_CONSTANT_CONVERSION = YES;
				CLANG_WARN_DIRECT_OBJC_ISA_USAGE = YES_ERROR;
				CLANG_WARN_EMPTY_BODY = YES;
				CLANG_WARN_ENUM_CONVERSION = YES;
				CLANG_WARN_INT_CONVERSION = YES;
				CLANG_WARN_OBJC_ROOT_CLASS = YES_ERROR;
				CLANG_WARN_UNREACHABLE_CODE = YES;
				CLANG_WARN__DUPLICATE_METHOD_MATCH = YES;
				"CODE_SIGN_IDENTITY[sdk=iphoneos*]" = "iPhone Developer";
				COPY_PHASE_STRIP = NO;
				DEBUG_INFORMATION_FORMAT = "dwarf-with-dsym";
				ENABLE_NS_ASSERTIONS = NO;
				ENABLE_STRICT_OBJC_MSGSEND = YES;
				GCC_C_LANGUAGE_STANDARD = gnu99;
				GCC_NO_COMMON_BLOCKS = YES;
				GCC_WARN_64_TO_32_BIT_CONVERSION = YES;
				GCC_WARN_ABOUT_RETURN_TYPE = YES_ERROR;
				GCC_WARN_UNDECLARED_SELECTOR = YES;
				GCC_WARN_UNINITIALIZED_AUTOS = YES_AGGRESSIVE;
				GCC_WARN_UNUSED_FUNCTION = YES;
				GCC_WARN_UNUSED_VARIABLE = YES;
				IPHONEOS_DEPLOYMENT_TARGET = 9.2;
				MTL_ENABLE_DEBUG_INFO = NO;
				SDKROOT = iphoneos;
				TARGETED_DEVICE_FAMILY = "1,2";
				VALIDATE_PRODUCT = YES;
			};
			name = Release;
		};
		F453ECA71CE2FEF9000070FE /* Debug */ = {
			isa = XCBuildConfiguration;
			buildSettings = {
				ASSETCATALOG_COMPILER_APPICON_NAME = AppIcon;
				INFOPLIST_FILE = SwiftDemo/Info.plist;
				LD_RUNPATH_SEARCH_PATHS = "$(inherited) @executable_path/Frameworks";
				PRODUCT_BUNDLE_IDENTIFIER = YingCe.SwiftDemo;
				PRODUCT_NAME = "$(TARGET_NAME)";
			};
			name = Debug;
		};
		F453ECA81CE2FEF9000070FE /* Release */ = {
			isa = XCBuildConfiguration;
			buildSettings = {
				ASSETCATALOG_COMPILER_APPICON_NAME = AppIcon;
				INFOPLIST_FILE = SwiftDemo/Info.plist;
				LD_RUNPATH_SEARCH_PATHS = "$(inherited) @executable_path/Frameworks";
				PRODUCT_BUNDLE_IDENTIFIER = YingCe.SwiftDemo;
				PRODUCT_NAME = "$(TARGET_NAME)";
			};
			name = Release;
		};
		F453ECAA1CE2FEF9000070FE /* Debug */ = {
			isa = XCBuildConfiguration;
			buildSettings = {
				BUNDLE_LOADER = "$(TEST_HOST)";
				INFOPLIST_FILE = SwiftDemoTests/Info.plist;
				LD_RUNPATH_SEARCH_PATHS = "$(inherited) @executable_path/Frameworks @loader_path/Frameworks";
				PRODUCT_BUNDLE_IDENTIFIER = YingCe.SwiftDemoTests;
				PRODUCT_NAME = "$(TARGET_NAME)";
				TEST_HOST = "$(BUILT_PRODUCTS_DIR)/SwiftDemo.app/SwiftDemo";
			};
			name = Debug;
		};
		F453ECAB1CE2FEF9000070FE /* Release */ = {
			isa = XCBuildConfiguration;
			buildSettings = {
				BUNDLE_LOADER = "$(TEST_HOST)";
				INFOPLIST_FILE = SwiftDemoTests/Info.plist;
				LD_RUNPATH_SEARCH_PATHS = "$(inherited) @executable_path/Frameworks @loader_path/Frameworks";
				PRODUCT_BUNDLE_IDENTIFIER = YingCe.SwiftDemoTests;
				PRODUCT_NAME = "$(TARGET_NAME)";
				TEST_HOST = "$(BUILT_PRODUCTS_DIR)/SwiftDemo.app/SwiftDemo";
			};
			name = Release;
		};
		F453ECAD1CE2FEF9000070FE /* Debug */ = {
			isa = XCBuildConfiguration;
			buildSettings = {
				INFOPLIST_FILE = SwiftDemoUITests/Info.plist;
				LD_RUNPATH_SEARCH_PATHS = "$(inherited) @executable_path/Frameworks @loader_path/Frameworks";
				PRODUCT_BUNDLE_IDENTIFIER = YingCe.SwiftDemoUITests;
				PRODUCT_NAME = "$(TARGET_NAME)";
				TEST_TARGET_NAME = SwiftDemo;
				USES_XCTRUNNER = YES;
			};
			name = Debug;
		};
		F453ECAE1CE2FEF9000070FE /* Release */ = {
			isa = XCBuildConfiguration;
			buildSettings = {
				INFOPLIST_FILE = SwiftDemoUITests/Info.plist;
				LD_RUNPATH_SEARCH_PATHS = "$(inherited) @executable_path/Frameworks @loader_path/Frameworks";
				PRODUCT_BUNDLE_IDENTIFIER = YingCe.SwiftDemoUITests;
				PRODUCT_NAME = "$(TARGET_NAME)";
				TEST_TARGET_NAME = SwiftDemo;
				USES_XCTRUNNER = YES;
			};
			name = Release;
		};
/* End XCBuildConfiguration section */

/* Begin XCConfigurationList section */
		F453EC791CE2FEF9000070FE /* Build configuration list for PBXProject "SwiftDemo" */ = {
			isa = XCConfigurationList;
			buildConfigurations = (
				F453ECA41CE2FEF9000070FE /* Debug */,
				F453ECA51CE2FEF9000070FE /* Release */,
			);
			defaultConfigurationIsVisible = 0;
			defaultConfigurationName = Release;
		};
		F453ECA61CE2FEF9000070FE /* Build configuration list for PBXNativeTarget "SwiftDemo" */ = {
			isa = XCConfigurationList;
			buildConfigurations = (
				F453ECA71CE2FEF9000070FE /* Debug */,
				F453ECA81CE2FEF9000070FE /* Release */,
			);
			defaultConfigurationIsVisible = 0;
		};
		F453ECA91CE2FEF9000070FE /* Build configuration list for PBXNativeTarget "SwiftDemoTests" */ = {
			isa = XCConfigurationList;
			buildConfigurations = (
				F453ECAA1CE2FEF9000070FE /* Debug */,
				F453ECAB1CE2FEF9000070FE /* Release */,
			);
			defaultConfigurationIsVisible = 0;
		};
		F453ECAC1CE2FEF9000070FE /* Build configuration list for PBXNativeTarget "SwiftDemoUITests" */ = {
			isa = XCConfigurationList;
			buildConfigurations = (
				F453ECAD1CE2FEF9000070FE /* Debug */,
				F453ECAE1CE2FEF9000070FE /* Release */,
			);
			defaultConfigurationIsVisible = 0;
		};
/* End XCConfigurationList section */
	};
	rootObject = F453EC761CE2FEF9000070FE /* Project object */;
}
