// !$*UTF8*$!
{
	archiveVersion = 1;
	classes = {
	};
	objectVersion = 46;
	objects = {

/* Begin PBXBuildFile section */
		F4657AF91C9005DE00DB39B9 /* main.m in Sources */ = {isa = PBXBuildFile; fileRef = F4657AF81C9005DE00DB39B9 /* main.m */; };
		F4657AFC1C9005DE00DB39B9 /* AppDelegate.m in Sources */ = {isa = PBXBuildFile; fileRef = F4657AFB1C9005DE00DB39B9 /* AppDelegate.m */; };
		F4657AFF1C9005DF00DB39B9 /* ViewController.m in Sources */ = {isa = PBXBuildFile; fileRef = F4657AFE1C9005DF00DB39B9 /* ViewController.m */; };
		F4657B021C9005DF00DB39B9 /* Main.storyboard in Resources */ = {isa = PBXBuildFile; fileRef = F4657B001C9005DF00DB39B9 /* Main.storyboard */; };
		F4657B041C9005DF00DB39B9 /* Assets.xcassets in Resources */ = {isa = PBXBuildFile; fileRef = F4657B031C9005DF00DB39B9 /* Assets.xcassets */; };
		F4657B071C9005DF00DB39B9 /* LaunchScreen.storyboard in Resources */ = {isa = PBXBuildFile; fileRef = F4657B051C9005DF00DB39B9 /* LaunchScreen.storyboard */; };
		F4657B121C9005DF00DB39B9 /* RAMTests.m in Sources */ = {isa = PBXBuildFile; fileRef = F4657B111C9005DF00DB39B9 /* RAMTests.m */; };
		F4657B1D1C9005DF00DB39B9 /* RAMUITests.m in Sources */ = {isa = PBXBuildFile; fileRef = F4657B1C1C9005DF00DB39B9 /* RAMUITests.m */; };
		F4657B2C1C901D6A00DB39B9 /* Person.m in Sources */ = {isa = PBXBuildFile; fileRef = F4657B2B1C901D6A00DB39B9 /* Person.m */; };
/* End PBXBuildFile section */

/* Begin PBXContainerItemProxy section */
		F4657B0E1C9005DF00DB39B9 /* PBXContainerItemProxy */ = {
			isa = PBXContainerItemProxy;
			containerPortal = F4657AEC1C9005DE00DB39B9 /* Project object */;
			proxyType = 1;
			remoteGlobalIDString = F4657AF31C9005DE00DB39B9;
			remoteInfo = RAM;
		};
		F4657B191C9005DF00DB39B9 /* PBXContainerItemProxy */ = {
			isa = PBXContainerItemProxy;
			containerPortal = F4657AEC1C9005DE00DB39B9 /* Project object */;
			proxyType = 1;
			remoteGlobalIDString = F4657AF31C9005DE00DB39B9;
			remoteInfo = RAM;
		};
/* End PBXContainerItemProxy section */

/* Begin PBXFileReference section */
		F4657AF41C9005DE00DB39B9 /* RAM.app */ = {isa = PBXFileReference; explicitFileType = wrapper.application; includeInIndex = 0; path = RAM.app; sourceTree = BUILT_PRODUCTS_DIR; };
		F4657AF81C9005DE00DB39B9 /* main.m */ = {isa = PBXFileReference; lastKnownFileType = sourcecode.c.objc; path = main.m; sourceTree = "<group>"; };
		F4657AFA1C9005DE00DB39B9 /* AppDelegate.h */ = {isa = PBXFileReference; lastKnownFileType = sourcecode.c.h; path = AppDelegate.h; sourceTree = "<group>"; };
		F4657AFB1C9005DE00DB39B9 /* AppDelegate.m */ = {isa = PBXFileReference; lastKnownFileType = sourcecode.c.objc; path = AppDelegate.m; sourceTree = "<group>"; };
		F4657AFD1C9005DF00DB39B9 /* ViewController.h */ = {isa = PBXFileReference; lastKnownFileType = sourcecode.c.h; path = ViewController.h; sourceTree = "<group>"; };
		F4657AFE1C9005DF00DB39B9 /* ViewController.m */ = {isa = PBXFileReference; lastKnownFileType = sourcecode.c.objc; path = ViewController.m; sourceTree = "<group>"; };
		F4657B011C9005DF00DB39B9 /* Base */ = {isa = PBXFileReference; lastKnownFileType = file.storyboard; name = Base; path = Base.lproj/Main.storyboard; sourceTree = "<group>"; };
		F4657B031C9005DF00DB39B9 /* Assets.xcassets */ = {isa = PBXFileReference; lastKnownFileType = folder.assetcatalog; path = Assets.xcassets; sourceTree = "<group>"; };
		F4657B061C9005DF00DB39B9 /* Base */ = {isa = PBXFileReference; lastKnownFileType = file.storyboard; name = Base; path = Base.lproj/LaunchScreen.storyboard; sourceTree = "<group>"; };
		F4657B081C9005DF00DB39B9 /* Info.plist */ = {isa = PBXFileReference; lastKnownFileType = text.plist.xml; path = Info.plist; sourceTree = "<group>"; };
		F4657B0D1C9005DF00DB39B9 /* RAMTests.xctest */ = {isa = PBXFileReference; explicitFileType = wrapper.cfbundle; includeInIndex = 0; path = RAMTests.xctest; sourceTree = BUILT_PRODUCTS_DIR; };
		F4657B111C9005DF00DB39B9 /* RAMTests.m */ = {isa = PBXFileReference; lastKnownFileType = sourcecode.c.objc; path = RAMTests.m; sourceTree = "<group>"; };
		F4657B131C9005DF00DB39B9 /* Info.plist */ = {isa = PBXFileReference; lastKnownFileType = text.plist.xml; path = Info.plist; sourceTree = "<group>"; };
		F4657B181C9005DF00DB39B9 /* RAMUITests.xctest */ = {isa = PBXFileReference; explicitFileType = wrapper.cfbundle; includeInIndex = 0; path = RAMUITests.xctest; sourceTree = BUILT_PRODUCTS_DIR; };
		F4657B1C1C9005DF00DB39B9 /* RAMUITests.m */ = {isa = PBXFileReference; lastKnownFileType = sourcecode.c.objc; path = RAMUITests.m; sourceTree = "<group>"; };
		F4657B1E1C9005DF00DB39B9 /* Info.plist */ = {isa = PBXFileReference; lastKnownFileType = text.plist.xml; path = Info.plist; sourceTree = "<group>"; };
		F4657B2A1C901D6A00DB39B9 /* Person.h */ = {isa = PBXFileReference; fileEncoding = 4; lastKnownFileType = sourcecode.c.h; path = Person.h; sourceTree = "<group>"; };
		F4657B2B1C901D6A00DB39B9 /* Person.m */ = {isa = PBXFileReference; fileEncoding = 4; lastKnownFileType = sourcecode.c.objc; path = Person.m; sourceTree = "<group>"; };
/* End PBXFileReference section */

/* Begin PBXFrameworksBuildPhase section */
		F4657AF11C9005DE00DB39B9 /* Frameworks */ = {
			isa = PBXFrameworksBuildPhase;
			buildActionMask = 2147483647;
			files = (
			);
			runOnlyForDeploymentPostprocessing = 0;
		};
		F4657B0A1C9005DF00DB39B9 /* Frameworks */ = {
			isa = PBXFrameworksBuildPhase;
			buildActionMask = 2147483647;
			files = (
			);
			runOnlyForDeploymentPostprocessing = 0;
		};
		F4657B151C9005DF00DB39B9 /* Frameworks */ = {
			isa = PBXFrameworksBuildPhase;
			buildActionMask = 2147483647;
			files = (
			);
			runOnlyForDeploymentPostprocessing = 0;
		};
/* End PBXFrameworksBuildPhase section */

/* Begin PBXGroup section */
		F4657AEB1C9005DE00DB39B9 = {
			isa = PBXGroup;
			children = (
				F4657AF61C9005DE00DB39B9 /* RAM */,
				F4657B101C9005DF00DB39B9 /* RAMTests */,
				F4657B1B1C9005DF00DB39B9 /* RAMUITests */,
				F4657AF51C9005DE00DB39B9 /* Products */,
			);
			sourceTree = "<group>";
		};
		F4657AF51C9005DE00DB39B9 /* Products */ = {
			isa = PBXGroup;
			children = (
				F4657AF41C9005DE00DB39B9 /* RAM.app */,
				F4657B0D1C9005DF00DB39B9 /* RAMTests.xctest */,
				F4657B181C9005DF00DB39B9 /* RAMUITests.xctest */,
			);
			name = Products;
			sourceTree = "<group>";
		};
		F4657AF61C9005DE00DB39B9 /* RAM */ = {
			isa = PBXGroup;
			children = (
				F4657AFA1C9005DE00DB39B9 /* AppDelegate.h */,
				F4657AFB1C9005DE00DB39B9 /* AppDelegate.m */,
				F4657AFD1C9005DF00DB39B9 /* ViewController.h */,
				F4657AFE1C9005DF00DB39B9 /* ViewController.m */,
				F4657B2A1C901D6A00DB39B9 /* Person.h */,
				F4657B2B1C901D6A00DB39B9 /* Person.m */,
				F4657B001C9005DF00DB39B9 /* Main.storyboard */,
				F4657B031C9005DF00DB39B9 /* Assets.xcassets */,
				F4657B051C9005DF00DB39B9 /* LaunchScreen.storyboard */,
				F4657B081C9005DF00DB39B9 /* Info.plist */,
				F4657AF71C9005DE00DB39B9 /* Supporting Files */,
			);
			path = RAM;
			sourceTree = "<group>";
		};
		F4657AF71C9005DE00DB39B9 /* Supporting Files */ = {
			isa = PBXGroup;
			children = (
				F4657AF81C9005DE00DB39B9 /* main.m */,
			);
			name = "Supporting Files";
			sourceTree = "<group>";
		};
		F4657B101C9005DF00DB39B9 /* RAMTests */ = {
			isa = PBXGroup;
			children = (
				F4657B111C9005DF00DB39B9 /* RAMTests.m */,
				F4657B131C9005DF00DB39B9 /* Info.plist */,
			);
			path = RAMTests;
			sourceTree = "<group>";
		};
		F4657B1B1C9005DF00DB39B9 /* RAMUITests */ = {
			isa = PBXGroup;
			children = (
				F4657B1C1C9005DF00DB39B9 /* RAMUITests.m */,
				F4657B1E1C9005DF00DB39B9 /* Info.plist */,
			);
			path = RAMUITests;
			sourceTree = "<group>";
		};
/* End PBXGroup section */

/* Begin PBXNativeTarget section */
		F4657AF31C9005DE00DB39B9 /* RAM */ = {
			isa = PBXNativeTarget;
			buildConfigurationList = F4657B211C9005DF00DB39B9 /* Build configuration list for PBXNativeTarget "RAM" */;
			buildPhases = (
				F4657AF01C9005DE00DB39B9 /* Sources */,
				F4657AF11C9005DE00DB39B9 /* Frameworks */,
				F4657AF21C9005DE00DB39B9 /* Resources */,
			);
			buildRules = (
			);
			dependencies = (
			);
			name = RAM;
			productName = RAM;
			productReference = F4657AF41C9005DE00DB39B9 /* RAM.app */;
			productType = "com.apple.product-type.application";
		};
		F4657B0C1C9005DF00DB39B9 /* RAMTests */ = {
			isa = PBXNativeTarget;
			buildConfigurationList = F4657B241C9005DF00DB39B9 /* Build configuration list for PBXNativeTarget "RAMTests" */;
			buildPhases = (
				F4657B091C9005DF00DB39B9 /* Sources */,
				F4657B0A1C9005DF00DB39B9 /* Frameworks */,
				F4657B0B1C9005DF00DB39B9 /* Resources */,
			);
			buildRules = (
			);
			dependencies = (
				F4657B0F1C9005DF00DB39B9 /* PBXTargetDependency */,
			);
			name = RAMTests;
			productName = RAMTests;
			productReference = F4657B0D1C9005DF00DB39B9 /* RAMTests.xctest */;
			productType = "com.apple.product-type.bundle.unit-test";
		};
		F4657B171C9005DF00DB39B9 /* RAMUITests */ = {
			isa = PBXNativeTarget;
			buildConfigurationList = F4657B271C9005DF00DB39B9 /* Build configuration list for PBXNativeTarget "RAMUITests" */;
			buildPhases = (
				F4657B141C9005DF00DB39B9 /* Sources */,
				F4657B151C9005DF00DB39B9 /* Frameworks */,
				F4657B161C9005DF00DB39B9 /* Resources */,
			);
			buildRules = (
			);
			dependencies = (
				F4657B1A1C9005DF00DB39B9 /* PBXTargetDependency */,
			);
			name = RAMUITests;
			productName = RAMUITests;
			productReference = F4657B181C9005DF00DB39B9 /* RAMUITests.xctest */;
			productType = "com.apple.product-type.bundle.ui-testing";
		};
/* End PBXNativeTarget section */

/* Begin PBXProject section */
		F4657AEC1C9005DE00DB39B9 /* Project object */ = {
			isa = PBXProject;
			attributes = {
				LastUpgradeCheck = 0720;
				ORGANIZATIONNAME = "英策网络科技";
				TargetAttributes = {
					F4657AF31C9005DE00DB39B9 = {
						CreatedOnToolsVersion = 7.2.1;
					};
					F4657B0C1C9005DF00DB39B9 = {
						CreatedOnToolsVersion = 7.2.1;
						TestTargetID = F4657AF31C9005DE00DB39B9;
					};
					F4657B171C9005DF00DB39B9 = {
						CreatedOnToolsVersion = 7.2.1;
						TestTargetID = F4657AF31C9005DE00DB39B9;
					};
				};
			};
			buildConfigurationList = F4657AEF1C9005DE00DB39B9 /* Build configuration list for PBXProject "RAM" */;
			compatibilityVersion = "Xcode 3.2";
			developmentRegion = English;
			hasScannedForEncodings = 0;
			knownRegions = (
				en,
				Base,
			);
			mainGroup = F4657AEB1C9005DE00DB39B9;
			productRefGroup = F4657AF51C9005DE00DB39B9 /* Products */;
			projectDirPath = "";
			projectRoot = "";
			targets = (
				F4657AF31C9005DE00DB39B9 /* RAM */,
				F4657B0C1C9005DF00DB39B9 /* RAMTests */,
				F4657B171C9005DF00DB39B9 /* RAMUITests */,
			);
		};
/* End PBXProject section */

/* Begin PBXResourcesBuildPhase section */
		F4657AF21C9005DE00DB39B9 /* Resources */ = {
			isa = PBXResourcesBuildPhase;
			buildActionMask = 2147483647;
			files = (
				F4657B071C9005DF00DB39B9 /* LaunchScreen.storyboard in Resources */,
				F4657B041C9005DF00DB39B9 /* Assets.xcassets in Resources */,
				F4657B021C9005DF00DB39B9 /* Main.storyboard in Resources */,
			);
			runOnlyForDeploymentPostprocessing = 0;
		};
		F4657B0B1C9005DF00DB39B9 /* Resources */ = {
			isa = PBXResourcesBuildPhase;
			buildActionMask = 2147483647;
			files = (
			);
			runOnlyForDeploymentPostprocessing = 0;
		};
		F4657B161C9005DF00DB39B9 /* Resources */ = {
			isa = PBXResourcesBuildPhase;
			buildActionMask = 2147483647;
			files = (
			);
			runOnlyForDeploymentPostprocessing = 0;
		};
/* End PBXResourcesBuildPhase section */

/* Begin PBXSourcesBuildPhase section */
		F4657AF01C9005DE00DB39B9 /* Sources */ = {
			isa = PBXSourcesBuildPhase;
			buildActionMask = 2147483647;
			files = (
				F4657AFF1C9005DF00DB39B9 /* ViewController.m in Sources */,
				F4657AFC1C9005DE00DB39B9 /* AppDelegate.m in Sources */,
				F4657B2C1C901D6A00DB39B9 /* Person.m in Sources */,
				F4657AF91C9005DE00DB39B9 /* main.m in Sources */,
			);
			runOnlyForDeploymentPostprocessing = 0;
		};
		F4657B091C9005DF00DB39B9 /* Sources */ = {
			isa = PBXSourcesBuildPhase;
			buildActionMask = 2147483647;
			files = (
				F4657B121C9005DF00DB39B9 /* RAMTests.m in Sources */,
			);
			runOnlyForDeploymentPostprocessing = 0;
		};
		F4657B141C9005DF00DB39B9 /* Sources */ = {
			isa = PBXSourcesBuildPhase;
			buildActionMask = 2147483647;
			files = (
				F4657B1D1C9005DF00DB39B9 /* RAMUITests.m in Sources */,
			);
			runOnlyForDeploymentPostprocessing = 0;
		};
/* End PBXSourcesBuildPhase section */

/* Begin PBXTargetDependency section */
		F4657B0F1C9005DF00DB39B9 /* PBXTargetDependency */ = {
			isa = PBXTargetDependency;
			target = F4657AF31C9005DE00DB39B9 /* RAM */;
			targetProxy = F4657B0E1C9005DF00DB39B9 /* PBXContainerItemProxy */;
		};
		F4657B1A1C9005DF00DB39B9 /* PBXTargetDependency */ = {
			isa = PBXTargetDependency;
			target = F4657AF31C9005DE00DB39B9 /* RAM */;
			targetProxy = F4657B191C9005DF00DB39B9 /* PBXContainerItemProxy */;
		};
/* End PBXTargetDependency section */

/* Begin PBXVariantGroup section */
		F4657B001C9005DF00DB39B9 /* Main.storyboard */ = {
			isa = PBXVariantGroup;
			children = (
				F4657B011C9005DF00DB39B9 /* Base */,
			);
			name = Main.storyboard;
			sourceTree = "<group>";
		};
		F4657B051C9005DF00DB39B9 /* LaunchScreen.storyboard */ = {
			isa = PBXVariantGroup;
			children = (
				F4657B061C9005DF00DB39B9 /* Base */,
			);
			name = LaunchScreen.storyboard;
			sourceTree = "<group>";
		};
/* End PBXVariantGroup section */

/* Begin XCBuildConfiguration section */
		F4657B1F1C9005DF00DB39B9 /* Debug */ = {
			isa = XCBuildConfiguration;
			buildSettings = {
				ALWAYS_SEARCH_USER_PATHS = NO;
				CLANG_CXX_LANGUAGE_STANDARD = "gnu++0x";
				CLANG_CXX_LIBRARY = "libc++";
				CLANG_ENABLE_MODULES = YES;
				CLANG_ENABLE_OBJC_ARC = YES;
				CLANG_WARN_BOOL_CONVERSION = YES;
				CLANG_WARN_CONSTANT_CONVERSION = YES;
				CLANG_WARN_DIRECT_OBJC_ISA_USAGE = YES_ERROR;
				CLANG_WARN_EMPTY_BODY = YES;
				CLANG_WARN_ENUM_CONVERSION = YES;
				CLANG_WARN_INT_CONVERSION = YES;
				CLANG_WARN_OBJC_ROOT_CLASS = YES_ERROR;
				CLANG_WARN_UNREACHABLE_CODE = YES;
				CLANG_WARN__DUPLICATE_METHOD_MATCH = YES;
				"CODE_SIGN_IDENTITY[sdk=iphoneos*]" = "iPhone Developer";
				COPY_PHASE_STRIP = NO;
				DEBUG_INFORMATION_FORMAT = dwarf;
				ENABLE_STRICT_OBJC_MSGSEND = YES;
				ENABLE_TESTABILITY = YES;
				GCC_C_LANGUAGE_STANDARD = gnu99;
				GCC_DYNAMIC_NO_PIC = NO;
				GCC_NO_COMMON_BLOCKS = YES;
				GCC_OPTIMIZATION_LEVEL = 0;
				GCC_PREPROCESSOR_DEFINITIONS = (
					"DEBUG=1",
					"$(inherited)",
				);
				GCC_WARN_64_TO_32_BIT_CONVERSION = YES;
				GCC_WARN_ABOUT_RETURN_TYPE = YES_ERROR;
				GCC_WARN_UNDECLARED_SELECTOR = YES;
				GCC_WARN_UNINITIALIZED_AUTOS = YES_AGGRESSIVE;
				GCC_WARN_UNUSED_FUNCTION = YES;
				GCC_WARN_UNUSED_VARIABLE = YES;
				IPHONEOS_DEPLOYMENT_TARGET = 9.2;
				MTL_ENABLE_DEBUG_INFO = YES;
				ONLY_ACTIVE_ARCH = YES;
				SDKROOT = iphoneos;
				TARGETED_DEVICE_FAMILY = "1,2";
			};
			name = Debug;
		};
		F4657B201C9005DF00DB39B9 /* Release */ = {
			isa = XCBuildConfiguration;
			buildSettings = {
				ALWAYS_SEARCH_USER_PATHS = NO;
				CLANG_CXX_LANGUAGE_STANDARD = "gnu++0x";
				CLANG_CXX_LIBRARY = "libc++";
				CLANG_ENABLE_MODULES = YES;
				CLANG_ENABLE_OBJC_ARC = YES;
				CLANG_WARN_BOOL_CONVERSION = YES;
				CLANG_WARN_CONSTANT_CONVERSION = YES;
				CLANG_WARN_DIRECT_OBJC_ISA_USAGE = YES_ERROR;
				CLANG_WARN_EMPTY_BODY = YES;
				CLANG_WARN_ENUM_CONVERSION = YES;
				CLANG_WARN_INT_CONVERSION = YES;
				CLANG_WARN_OBJC_ROOT_CLASS = YES_ERROR;
				CLANG_WARN_UNREACHABLE_CODE = YES;
				CLANG_WARN__DUPLICATE_METHOD_MATCH = YES;
				"CODE_SIGN_IDENTITY[sdk=iphoneos*]" = "iPhone Developer";
				COPY_PHASE_STRIP = NO;
				DEBUG_INFORMATION_FORMAT = "dwarf-with-dsym";
				ENABLE_NS_ASSERTIONS = NO;
				ENABLE_STRICT_OBJC_MSGSEND = YES;
				GCC_C_LANGUAGE_STANDARD = gnu99;
				GCC_NO_COMMON_BLOCKS = YES;
				GCC_WARN_64_TO_32_BIT_CONVERSION = YES;
				GCC_WARN_ABOUT_RETURN_TYPE = YES_ERROR;
				GCC_WARN_UNDECLARED_SELECTOR = YES;
				GCC_WARN_UNINITIALIZED_AUTOS = YES_AGGRESSIVE;
				GCC_WARN_UNUSED_FUNCTION = YES;
				GCC_WARN_UNUSED_VARIABLE = YES;
				IPHONEOS_DEPLOYMENT_TARGET = 9.2;
				MTL_ENABLE_DEBUG_INFO = NO;
				SDKROOT = iphoneos;
				TARGETED_DEVICE_FAMILY = "1,2";
				VALIDATE_PRODUCT = YES;
			};
			name = Release;
		};
		F4657B221C9005DF00DB39B9 /* Debug */ = {
			isa = XCBuildConfiguration;
			buildSettings = {
				ASSETCATALOG_COMPILER_APPICON_NAME = AppIcon;
				CLANG_ENABLE_OBJC_ARC = NO;
				INFOPLIST_FILE = RAM/Info.plist;
				LD_RUNPATH_SEARCH_PATHS = "$(inherited) @executable_path/Frameworks";
				PRODUCT_BUNDLE_IDENTIFIER = YingCe.RAM;
				PRODUCT_NAME = "$(TARGET_NAME)";
			};
			name = Debug;
		};
		F4657B231C9005DF00DB39B9 /* Release */ = {
			isa = XCBuildConfiguration;
			buildSettings = {
				ASSETCATALOG_COMPILER_APPICON_NAME = AppIcon;
				CLANG_ENABLE_OBJC_ARC = NO;
				INFOPLIST_FILE = RAM/Info.plist;
				LD_RUNPATH_SEARCH_PATHS = "$(inherited) @executable_path/Frameworks";
				PRODUCT_BUNDLE_IDENTIFIER = YingCe.RAM;
				PRODUCT_NAME = "$(TARGET_NAME)";
			};
			name = Release;
		};
		F4657B251C9005DF00DB39B9 /* Debug */ = {
			isa = XCBuildConfiguration;
			buildSettings = {
				BUNDLE_LOADER = "$(TEST_HOST)";
				INFOPLIST_FILE = RAMTests/Info.plist;
				LD_RUNPATH_SEARCH_PATHS = "$(inherited) @executable_path/Frameworks @loader_path/Frameworks";
				PRODUCT_BUNDLE_IDENTIFIER = YingCe.RAMTests;
				PRODUCT_NAME = "$(TARGET_NAME)";
				TEST_HOST = "$(BUILT_PRODUCTS_DIR)/RAM.app/RAM";
			};
			name = Debug;
		};
		F4657B261C9005DF00DB39B9 /* Release */ = {
			isa = XCBuildConfiguration;
			buildSettings = {
				BUNDLE_LOADER = "$(TEST_HOST)";
				INFOPLIST_FILE = RAMTests/Info.plist;
				LD_RUNPATH_SEARCH_PATHS = "$(inherited) @executable_path/Frameworks @loader_path/Frameworks";
				PRODUCT_BUNDLE_IDENTIFIER = YingCe.RAMTests;
				PRODUCT_NAME = "$(TARGET_NAME)";
				TEST_HOST = "$(BUILT_PRODUCTS_DIR)/RAM.app/RAM";
			};
			name = Release;
		};
		F4657B281C9005DF00DB39B9 /* Debug */ = {
			isa = XCBuildConfiguration;
			buildSettings = {
				INFOPLIST_FILE = RAMUITests/Info.plist;
				LD_RUNPATH_SEARCH_PATHS = "$(inherited) @executable_path/Frameworks @loader_path/Frameworks";
				PRODUCT_BUNDLE_IDENTIFIER = YingCe.RAMUITests;
				PRODUCT_NAME = "$(TARGET_NAME)";
				TEST_TARGET_NAME = RAM;
				USES_XCTRUNNER = YES;
			};
			name = Debug;
		};
		F4657B291C9005DF00DB39B9 /* Release */ = {
			isa = XCBuildConfiguration;
			buildSettings = {
				INFOPLIST_FILE = RAMUITests/Info.plist;
				LD_RUNPATH_SEARCH_PATHS = "$(inherited) @executable_path/Frameworks @loader_path/Frameworks";
				PRODUCT_BUNDLE_IDENTIFIER = YingCe.RAMUITests;
				PRODUCT_NAME = "$(TARGET_NAME)";
				TEST_TARGET_NAME = RAM;
				USES_XCTRUNNER = YES;
			};
			name = Release;
		};
/* End XCBuildConfiguration section */

/* Begin XCConfigurationList section */
		F4657AEF1C9005DE00DB39B9 /* Build configuration list for PBXProject "RAM" */ = {
			isa = XCConfigurationList;
			buildConfigurations = (
				F4657B1F1C9005DF00DB39B9 /* Debug */,
				F4657B201C9005DF00DB39B9 /* Release */,
			);
			defaultConfigurationIsVisible = 0;
			defaultConfigurationName = Release;
		};
		F4657B211C9005DF00DB39B9 /* Build configuration list for PBXNativeTarget "RAM" */ = {
			isa = XCConfigurationList;
			buildConfigurations = (
				F4657B221C9005DF00DB39B9 /* Debug */,
				F4657B231C9005DF00DB39B9 /* Release */,
			);
			defaultConfigurationIsVisible = 0;
			defaultConfigurationName = Release;
		};
		F4657B241C9005DF00DB39B9 /* Build configuration list for PBXNativeTarget "RAMTests" */ = {
			isa = XCConfigurationList;
			buildConfigurations = (
				F4657B251C9005DF00DB39B9 /* Debug */,
				F4657B261C9005DF00DB39B9 /* Release */,
			);
			defaultConfigurationIsVisible = 0;
			defaultConfigurationName = Release;
		};
		F4657B271C9005DF00DB39B9 /* Build configuration list for PBXNativeTarget "RAMUITests" */ = {
			isa = XCConfigurationList;
			buildConfigurations = (
				F4657B281C9005DF00DB39B9 /* Debug */,
				F4657B291C9005DF00DB39B9 /* Release */,
			);
			defaultConfigurationIsVisible = 0;
			defaultConfigurationName = Release;
		};
/* End XCConfigurationList section */
	};
	rootObject = F4657AEC1C9005DE00DB39B9 /* Project object */;
}
